
Microsoft Visual Studio Solution File, Format Version 12.00
# Visual Studio Version 17
VisualStudioVersion = 17.2.32526.322
MinimumVisualStudioVersion = 10.0.40219.1
Project("{8BC9CEB8-8B4A-11D0-8D11-00A0C91BC942}") = "GameEngine", "GameEngine\GameEngine.vcxproj", "{30F5D91C-B13F-44CE-835F-CACA97AF4F23}"
	ProjectSection(ProjectDependencies) = postProject
		{754029F4-8B28-42A9-9683-A1DA8DDD6085} = {754029F4-8B28-42A9-9683-A1DA8DDD6085}
		{B974EAD6-6966-4D4B-AB59-812190B15187} = {B974EAD6-6966-4D4B-AB59-812190B15187}
		{D95C0C0D-7E94-43EF-B924-170C0C224760} = {D95C0C0D-7E94-43EF-B924-170C0C224760}
		{DA38EDBF-6CD2-4B55-B337-23CDAAB48B87} = {DA38EDBF-6CD2-4B55-B337-23CDAAB48B87}
		{E76921A5-0397-46FE-8CC5-CDBE2F42F344} = {E76921A5-0397-46FE-8CC5-CDBE2F42F344}
	EndProjectSection
EndProject
Project("{8BC9CEB8-8B4A-11D0-8D11-00A0C91BC942}") = "RenderEngine", "RenderEngine\RenderEngine.vcxproj", "{B974EAD6-6966-4D4B-AB59-812190B15187}"
	ProjectSection(ProjectDependencies) = postProject
		{DA38EDBF-6CD2-4B55-B337-23CDAAB48B87} = {DA38EDBF-6CD2-4B55-B337-23CDAAB48B87}
	EndProjectSection
EndProject
Project("{8BC9CEB8-8B4A-11D0-8D11-00A0C91BC942}") = "AudioEngine", "AudioEngine\AudioEngine.vcxproj", "{D95C0C0D-7E94-43EF-B924-170C0C224760}"
	ProjectSection(ProjectDependencies) = postProject
		{DA38EDBF-6CD2-4B55-B337-23CDAAB48B87} = {DA38EDBF-6CD2-4B55-B337-23CDAAB48B87}
	EndProjectSection
EndProject
Project("{8BC9CEB8-8B4A-11D0-8D11-00A0C91BC942}") = "PhysicsEngine", "PhysicsEngine\PhysicsEngine.vcxproj", "{754029F4-8B28-42A9-9683-A1DA8DDD6085}"
	ProjectSection(ProjectDependencies) = postProject
		{DA38EDBF-6CD2-4B55-B337-23CDAAB48B87} = {DA38EDBF-6CD2-4B55-B337-23CDAAB48B87}
	EndProjectSection
EndProject
Project("{8BC9CEB8-8B4A-11D0-8D11-00A0C91BC942}") = "NetworkEngine", "NetworkEngine\NetworkEngine.vcxproj", "{E76921A5-0397-46FE-8CC5-CDBE2F42F344}"
	ProjectSection(ProjectDependencies) = postProject
		{DA38EDBF-6CD2-4B55-B337-23CDAAB48B87} = {DA38EDBF-6CD2-4B55-B337-23CDAAB48B87}
	EndProjectSection
EndProject
Project("{8BC9CEB8-8B4A-11D0-8D11-00A0C91BC942}") = "Common", "Common\Common.vcxproj", "{DA38EDBF-6CD2-4B55-B337-23CDAAB48B87}"
EndProject
Global
	GlobalSection(SolutionConfigurationPlatforms) = preSolution
		Debug|x64 = Debug|x64
		Debug|x86 = Debug|x86
		Release|x64 = Release|x64
		Release|x86 = Release|x86
	EndGlobalSection
	GlobalSection(ProjectConfigurationPlatforms) = postSolution
		{30F5D91C-B13F-44CE-835F-CACA97AF4F23}.Debug|x64.ActiveCfg = Debug|x64
		{30F5D91C-B13F-44CE-835F-CACA97AF4F23}.Debug|x64.Build.0 = Debug|x64
		{30F5D91C-B13F-44CE-835F-CACA97AF4F23}.Debug|x86.ActiveCfg = Debug|Win32
		{30F5D91C-B13F-44CE-835F-CACA97AF4F23}.Debug|x86.Build.0 = Debug|Win32
		{30F5D91C-B13F-44CE-835F-CACA97AF4F23}.Release|x64.ActiveCfg = Release|x64
		{30F5D91C-B13F-44CE-835F-CACA97AF4F23}.Release|x64.Build.0 = Release|x64
		{30F5D91C-B13F-44CE-835F-CACA97AF4F23}.Release|x86.ActiveCfg = Release|Win32
		{30F5D91C-B13F-44CE-835F-CACA97AF4F23}.Release|x86.Build.0 = Release|Win32
		{B974EAD6-6966-4D4B-AB59-812190B15187}.Debug|x64.ActiveCfg = Debug|x64
		{B974EAD6-6966-4D4B-AB59-812190B15187}.Debug|x64.Build.0 = Debug|x64
		{B974EAD6-6966-4D4B-AB59-812190B15187}.Debug|x86.ActiveCfg = Debug|Win32
		{B974EAD6-6966-4D4B-AB59-812190B15187}.Debug|x86.Build.0 = Debug|Win32
		{B974EAD6-6966-4D4B-AB59-812190B15187}.Release|x64.ActiveCfg = Release|x64
		{B974EAD6-6966-4D4B-AB59-812190B15187}.Release|x64.Build.0 = Release|x64
		{B974EAD6-6966-4D4B-AB59-812190B15187}.Release|x86.ActiveCfg = Release|Win32
		{B974EAD6-6966-4D4B-AB59-812190B15187}.Release|x86.Build.0 = Release|Win32
		{D95C0C0D-7E94-43EF-B924-170C0C224760}.Debug|x64.ActiveCfg = Debug|x64
		{D95C0C0D-7E94-43EF-B924-170C0C224760}.Debug|x64.Build.0 = Debug|x64
		{D95C0C0D-7E94-43EF-B924-170C0C224760}.Debug|x86.ActiveCfg = Debug|Win32
		{D95C0C0D-7E94-43EF-B924-170C0C224760}.Debug|x86.Build.0 = Debug|Win32
		{D95C0C0D-7E94-43EF-B924-170C0C224760}.Release|x64.ActiveCfg = Release|x64
		{D95C0C0D-7E94-43EF-B924-170C0C224760}.Release|x64.Build.0 = Release|x64
		{D95C0C0D-7E94-43EF-B924-170C0C224760}.Release|x86.ActiveCfg = Release|Win32
		{D95C0C0D-7E94-43EF-B924-170C0C224760}.Release|x86.Build.0 = Release|Win32
		{754029F4-8B28-42A9-9683-A1DA8DDD6085}.Debug|x64.ActiveCfg = Debug|x64
		{754029F4-8B28-42A9-9683-A1DA8DDD6085}.Debug|x64.Build.0 = Debug|x64
		{754029F4-8B28-42A9-9683-A1DA8DDD6085}.Debug|x86.ActiveCfg = Debug|Win32
		{754029F4-8B28-42A9-9683-A1DA8DDD6085}.Debug|x86.Build.0 = Debug|Win32
		{754029F4-8B28-42A9-9683-A1DA8DDD6085}.Release|x64.ActiveCfg = Release|x64
		{754029F4-8B28-42A9-9683-A1DA8DDD6085}.Release|x64.Build.0 = Release|x64
		{754029F4-8B28-42A9-9683-A1DA8DDD6085}.Release|x86.ActiveCfg = Release|Win32
		{754029F4-8B28-42A9-9683-A1DA8DDD6085}.Release|x86.Build.0 = Release|Win32
		{E76921A5-0397-46FE-8CC5-CDBE2F42F344}.Debug|x64.ActiveCfg = Debug|x64
		{E76921A5-0397-46FE-8CC5-CDBE2F42F344}.Debug|x64.Build.0 = Debug|x64
		{E76921A5-0397-46FE-8CC5-CDBE2F42F344}.Debug|x86.ActiveCfg = Debug|Win32
		{E76921A5-0397-46FE-8CC5-CDBE2F42F344}.Debug|x86.Build.0 = Debug|Win32
		{E76921A5-0397-46FE-8CC5-CDBE2F42F344}.Release|x64.ActiveCfg = Release|x64
		{E76921A5-0397-46FE-8CC5-CDBE2F42F344}.Release|x64.Build.0 = Release|x64
		{E76921A5-0397-46FE-8CC5-CDBE2F42F344}.Release|x86.ActiveCfg = Release|Win32
		{E76921A5-0397-46FE-8CC5-CDBE2F42F344}.Release|x86.Build.0 = Release|Win32
		{DA38EDBF-6CD2-4B55-B337-23CDAAB48B87}.Debug|x64.ActiveCfg = Debug|x64
		{DA38EDBF-6CD2-4B55-B337-23CDAAB48B87}.Debug|x64.Build.0 = Debug|x64
		{DA38EDBF-6CD2-4B55-B337-23CDAAB48B87}.Debug|x86.ActiveCfg = Debug|Win32
		{DA38EDBF-6CD2-4B55-B337-23CDAAB48B87}.Debug|x86.Build.0 = Debug|Win32
		{DA38EDBF-6CD2-4B55-B337-23CDAAB48B87}.Release|x64.ActiveCfg = Release|x64
		{DA38EDBF-6CD2-4B55-B337-23CDAAB48B87}.Release|x64.Build.0 = Release|x64
		{DA38EDBF-6CD2-4B55-B337-23CDAAB48B87}.Release|x86.ActiveCfg = Release|Win32
		{DA38EDBF-6CD2-4B55-B337-23CDAAB48B87}.Release|x86.Build.0 = Release|Win32
	EndGlobalSection
	GlobalSection(SolutionProperties) = preSolution
		HideSolutionNode = FALSE
	EndGlobalSection
	GlobalSection(ExtensibilityGlobals) = postSolution
		SolutionGuid = {E89178DB-EDBC-419F-BC9E-093ACAE48861}
	EndGlobalSection
EndGlobal
